
Microsoft Visual Studio Solution File, Format Version 12.00
# Visual Studio Version 17
VisualStudioVersion = 17.10.35122.118
MinimumVisualStudioVersion = 10.0.40219.1
Project("{9A19103F-16F7-4668-BE54-9A1E7A4F7556}") = "HakerRankProxy.Api", "HakerRankProxy.Api\HakerRankProxy.Api.csproj", "{889837B7-15E7-434A-BBB7-CA659D0B5C9D}"
EndProject
Project("{FAE04EC0-301F-11D3-BF4B-00C04F79EFBC}") = "HakerRankProxy.App", "HakerRankProxy.App\HakerRankProxy.App.csproj", "{C5776AFA-5B77-4AFC-9D31-2C7485F9C375}"
EndProject
Global
	GlobalSection(SolutionConfigurationPlatforms) = preSolution
		Debug|Any CPU = Debug|Any CPU
		Release|Any CPU = Release|Any CPU
	EndGlobalSection
	GlobalSection(ProjectConfigurationPlatforms) = postSolution
		{889837B7-15E7-434A-BBB7-CA659D0B5C9D}.Debug|Any CPU.ActiveCfg = Debug|Any CPU
		{889837B7-15E7-434A-BBB7-CA659D0B5C9D}.Debug|Any CPU.Build.0 = Debug|Any CPU
		{889837B7-15E7-434A-BBB7-CA659D0B5C9D}.Release|Any CPU.ActiveCfg = Release|Any CPU
		{889837B7-15E7-434A-BBB7-CA659D0B5C9D}.Release|Any CPU.Build.0 = Release|Any CPU
		{C5776AFA-5B77-4AFC-9D31-2C7485F9C375}.Debug|Any CPU.ActiveCfg = Debug|Any CPU
		{C5776AFA-5B77-4AFC-9D31-2C7485F9C375}.Debug|Any CPU.Build.0 = Debug|Any CPU
		{C5776AFA-5B77-4AFC-9D31-2C7485F9C375}.Release|Any CPU.ActiveCfg = Release|Any CPU
		{C5776AFA-5B77-4AFC-9D31-2C7485F9C375}.Release|Any CPU.Build.0 = Release|Any CPU
	EndGlobalSection
	GlobalSection(SolutionProperties) = preSolution
		HideSolutionNode = FALSE
	EndGlobalSection
	GlobalSection(ExtensibilityGlobals) = postSolution
		SolutionGuid = {4FCA6A52-3012-43D8-A854-7C9A9D991C48}
	EndGlobalSection
EndGlobal
